
Microsoft Visual Studio Solution File, Format Version 12.00
# Visual Studio 15
VisualStudioVersion = 15.0.27703.2026
MinimumVisualStudioVersion = 10.0.40219.1
Project("{9A19103F-16F7-4668-BE54-9A1E7A4F7556}") = "AglDevelopersTest", "AglDevelopersTest\AglDevelopersTest.csproj", "{4CE5D707-E749-4D37-81B1-BC96356BC194}"
EndProject
Project("{9A19103F-16F7-4668-BE54-9A1E7A4F7556}") = "QuickAnswer", "QuickAnswer\QuickAnswer.csproj", "{4BB73722-3DC5-4E46-BCD6-AAEE9EC9E820}"
EndProject
Project("{9A19103F-16F7-4668-BE54-9A1E7A4F7556}") = "AglDevelopersTest.Tests", "AglDevelopersTest.Tests\AglDevelopersTest.Tests.csproj", "{8BD1C95E-DD34-4C57-BD66-7542983EEEE8}"
EndProject
Project("{2150E333-8FDC-42A3-9474-1A3956D46DE8}") = "Solution Items", "Solution Items", "{C9965208-ADB5-4C4B-AD77-D1114EE94861}"
	ProjectSection(SolutionItems) = preProject
		README.md = README.md
	EndProjectSection
EndProject
Global
	GlobalSection(SolutionConfigurationPlatforms) = preSolution
		Debug|Any CPU = Debug|Any CPU
		Release|Any CPU = Release|Any CPU
	EndGlobalSection
	GlobalSection(ProjectConfigurationPlatforms) = postSolution
		{4CE5D707-E749-4D37-81B1-BC96356BC194}.Debug|Any CPU.ActiveCfg = Debug|Any CPU
		{4CE5D707-E749-4D37-81B1-BC96356BC194}.Debug|Any CPU.Build.0 = Debug|Any CPU
		{4CE5D707-E749-4D37-81B1-BC96356BC194}.Release|Any CPU.ActiveCfg = Release|Any CPU
		{4CE5D707-E749-4D37-81B1-BC96356BC194}.Release|Any CPU.Build.0 = Release|Any CPU
		{4BB73722-3DC5-4E46-BCD6-AAEE9EC9E820}.Debug|Any CPU.ActiveCfg = Debug|Any CPU
		{4BB73722-3DC5-4E46-BCD6-AAEE9EC9E820}.Debug|Any CPU.Build.0 = Debug|Any CPU
		{4BB73722-3DC5-4E46-BCD6-AAEE9EC9E820}.Release|Any CPU.ActiveCfg = Release|Any CPU
		{4BB73722-3DC5-4E46-BCD6-AAEE9EC9E820}.Release|Any CPU.Build.0 = Release|Any CPU
		{8BD1C95E-DD34-4C57-BD66-7542983EEEE8}.Debug|Any CPU.ActiveCfg = Debug|Any CPU
		{8BD1C95E-DD34-4C57-BD66-7542983EEEE8}.Debug|Any CPU.Build.0 = Debug|Any CPU
		{8BD1C95E-DD34-4C57-BD66-7542983EEEE8}.Release|Any CPU.ActiveCfg = Release|Any CPU
		{8BD1C95E-DD34-4C57-BD66-7542983EEEE8}.Release|Any CPU.Build.0 = Release|Any CPU
	EndGlobalSection
	GlobalSection(SolutionProperties) = preSolution
		HideSolutionNode = FALSE
	EndGlobalSection
	GlobalSection(ExtensibilityGlobals) = postSolution
		SolutionGuid = {7021FF5F-B113-4F7A-8E5F-55721955DA6E}
	EndGlobalSection
EndGlobal
